---
path: ".gem_rbs_collection"
gems:
- name: connection_pool
  version: '2.4'
  source:
    type: git
    name: ruby/gem_rbs_collection
    revision: 0cb6351d218704700cf4df797ff8966b3a418fcd
    remote: https://github.com/ruby/gem_rbs_collection.git
    repo_dir: gems
- name: forwardable
  version: '0'
  source:
    type: stdlib
- name: monitor
  version: '0'
  source:
    type: stdlib
- name: timeout
  version: '0'
  source:
    type: stdlib
gemfile_lock_path: Gemfile.lock
